{
  "name": "tp-objetos",
  "version": "1.0.0",
  "lockfileVersion": 1,
  "requires": true,
  "dependencies": {
    "@types/asciichart": {
      "version": "1.5.3",
      "resolved": "https://registry.npmjs.org/@types/asciichart/-/asciichart-1.5.3.tgz",
      "integrity": "sha512-fGefj/nbbyufvCwlT2tVMUCFPQIsDY4ATPGIxMKBYwzCByMjkycVJMHfZ2xsDCTThIiTPLXCo6IzE0R3PuM+5Q=="
    },
    "@types/node": {
      "version": "14.0.24",
      "resolved": "https://registry.npmjs.org/@types/node/-/node-14.0.24.tgz",
      "integrity": "sha512-btt/oNOiDWcSuI721MdL8VQGnjsKjlTMdrKyTcLCKeQp/n4AAMFJ961wMbp+09y8WuGPClDEv07RIItdXKIXAA=="
    },
    "asciichart": {
      "version": "1.5.23",
      "resolved": "https://registry.npmjs.org/asciichart/-/asciichart-1.5.23.tgz",
      "integrity": "sha512-osTjxKgD3NrnzGNP1ePWTssJQxCir4r2D8Xkg9IaRBuePWOK2hHodWxJ5SejW0VKD92Cf5IKglJ0N4WWgBOEcg=="
    }
  }
}
